
Microsoft Visual Studio Solution File, Format Version 12.00
# Visual Studio Version 16
VisualStudioVersion = 16.0.30711.63
MinimumVisualStudioVersion = 10.0.40219.1
Project("{FAE04EC0-301F-11D3-BF4B-00C04F79EFBC}") = "Sprint11", "Sprint11.csproj", "{D786801D-EA55-4146-9267-02B2B0B7C2EE}"
EndProject
Global
	GlobalSection(SolutionConfigurationPlatforms) = preSolution
		Debug|Any CPU = Debug|Any CPU
		Release|Any CPU = Release|Any CPU
	EndGlobalSection
	GlobalSection(ProjectConfigurationPlatforms) = postSolution
		{D786801D-EA55-4146-9267-02B2B0B7C2EE}.Debug|Any CPU.ActiveCfg = Debug|Any CPU
		{D786801D-EA55-4146-9267-02B2B0B7C2EE}.Debug|Any CPU.Build.0 = Debug|Any CPU
		{D786801D-EA55-4146-9267-02B2B0B7C2EE}.Release|Any CPU.ActiveCfg = Release|Any CPU
		{D786801D-EA55-4146-9267-02B2B0B7C2EE}.Release|Any CPU.Build.0 = Release|Any CPU
	EndGlobalSection
	GlobalSection(SolutionProperties) = preSolution
		HideSolutionNode = FALSE
	EndGlobalSection
	GlobalSection(ExtensibilityGlobals) = postSolution
		SolutionGuid = {BA4F17F2-242E-4C69-9204-10CE542811FE}
	EndGlobalSection
EndGlobal
